
Microsoft Visual Studio Solution File, Format Version 12.00
# Visual Studio Version 17
VisualStudioVersion = 17.2.32630.192
MinimumVisualStudioVersion = 10.0.40219.1
Project("{9A19103F-16F7-4668-BE54-9A1E7A4F7556}") = "BackgroundTimer", "BackgroundTimer.csproj", "{C82247CD-47C5-4FCD-A6D5-DB5A62D342E2}"
EndProject
Project("{9A19103F-16F7-4668-BE54-9A1E7A4F7556}") = "Tests", "..\..\!Meine Programme\C#\WinForms\Tests\Tests.csproj", "{2A4CE895-3DC8-4015-972C-D68E4FD16282}"
EndProject
Global
	GlobalSection(SolutionConfigurationPlatforms) = preSolution
		Debug|Any CPU = Debug|Any CPU
		Release|Any CPU = Release|Any CPU
	EndGlobalSection
	GlobalSection(ProjectConfigurationPlatforms) = postSolution
		{C82247CD-47C5-4FCD-A6D5-DB5A62D342E2}.Debug|Any CPU.ActiveCfg = Debug|Any CPU
		{C82247CD-47C5-4FCD-A6D5-DB5A62D342E2}.Debug|Any CPU.Build.0 = Debug|Any CPU
		{C82247CD-47C5-4FCD-A6D5-DB5A62D342E2}.Release|Any CPU.ActiveCfg = Release|Any CPU
		{C82247CD-47C5-4FCD-A6D5-DB5A62D342E2}.Release|Any CPU.Build.0 = Release|Any CPU
		{2A4CE895-3DC8-4015-972C-D68E4FD16282}.Debug|Any CPU.ActiveCfg = Debug|Any CPU
		{2A4CE895-3DC8-4015-972C-D68E4FD16282}.Debug|Any CPU.Build.0 = Debug|Any CPU
		{2A4CE895-3DC8-4015-972C-D68E4FD16282}.Release|Any CPU.ActiveCfg = Release|Any CPU
		{2A4CE895-3DC8-4015-972C-D68E4FD16282}.Release|Any CPU.Build.0 = Release|Any CPU
	EndGlobalSection
	GlobalSection(SolutionProperties) = preSolution
		HideSolutionNode = FALSE
	EndGlobalSection
	GlobalSection(ExtensibilityGlobals) = postSolution
		SolutionGuid = {5F2A3B8D-6E25-4A9F-9A2F-60D53F6B1E5F}
	EndGlobalSection
EndGlobal
